
Microsoft Visual Studio Solution File, Format Version 12.00
# Visual Studio Version 17
VisualStudioVersion = 17.3.32901.215
MinimumVisualStudioVersion = 10.0.40219.1
Project("{9A19103F-16F7-4668-BE54-9A1E7A4F7556}") = "Ejercicio01", "ConsoleApp2\Ejercicio01.csproj", "{E6096795-F7AB-45D8-9EF9-68C44AD35751}"
EndProject
Project("{9A19103F-16F7-4668-BE54-9A1E7A4F7556}") = "Ejercicio02", "Ejercicio 2\Ejercicio02.csproj", "{A1F9F78D-5AA7-4BE4-849D-578C124C5CF7}"
EndProject
Project("{9A19103F-16F7-4668-BE54-9A1E7A4F7556}") = "Ejercicio03", "Ejercicio 3\Ejercicio03.csproj", "{0A83C841-5B57-49C9-8415-A39040CA804C}"
EndProject
Project("{9A19103F-16F7-4668-BE54-9A1E7A4F7556}") = "Ejercicio04", "Ejercicio 4\Ejercicio04.csproj", "{FA324E50-7C89-4FAC-9866-8282DA4DA9C5}"
EndProject
Project("{9A19103F-16F7-4668-BE54-9A1E7A4F7556}") = "Ejercicio05", "Ejercicio 5\Ejercicio05.csproj", "{21D19C20-A8BD-4D39-8B3A-44679627A1F1}"
EndProject
Project("{9A19103F-16F7-4668-BE54-9A1E7A4F7556}") = "Ejercicio06", "Ejercicio 6\Ejercicio06.csproj", "{E1A8868E-28F5-4B3E-84DE-E641F752C724}"
EndProject
Project("{9A19103F-16F7-4668-BE54-9A1E7A4F7556}") = "Ejercicio07", "Ejercicio 7\Ejercicio07.csproj", "{442F01A6-1123-4309-956A-968E473024CF}"
EndProject
Project("{9A19103F-16F7-4668-BE54-9A1E7A4F7556}") = "Ejercicio08", "Ejercicio 8\Ejercicio08.csproj", "{623AC97D-346A-4A2A-9CB4-7A82CEB7C13A}"
EndProject
Project("{9A19103F-16F7-4668-BE54-9A1E7A4F7556}") = "Ejercicio09", "Ejercicio 9\Ejercicio09.csproj", "{54EBD7F5-56E2-4EF3-9C1D-C3FDE216A33C}"
EndProject
Project("{9A19103F-16F7-4668-BE54-9A1E7A4F7556}") = "Ejercicio11.1", "Ejercicio11\Ejercicio11.1.csproj", "{BEF65C57-6679-4E09-81C1-39D47FF7F121}"
EndProject
Project("{9A19103F-16F7-4668-BE54-9A1E7A4F7556}") = "Ejercicio10", "Ejercicio10\Ejercicio10.csproj", "{93515ED4-913A-4F9D-8D5F-5746C756BBCC}"
EndProject
Project("{9A19103F-16F7-4668-BE54-9A1E7A4F7556}") = "Ejercicio12", "Ejercicio12\Ejercicio12.csproj", "{5601E979-79FB-4E95-83DC-08445F865720}"
EndProject
Project("{9A19103F-16F7-4668-BE54-9A1E7A4F7556}") = "Ejercicio13", "Ejercicio13\Ejercicio13.csproj", "{418772FE-0420-4CB6-AD53-DFB5BF439E4A}"
EndProject
Project("{9A19103F-16F7-4668-BE54-9A1E7A4F7556}") = "Ejercicio14", "Ejercicio14\Ejercicio14.csproj", "{0AAC8A65-4843-4DB7-A120-C51B303A43C0}"
EndProject
Project("{9A19103F-16F7-4668-BE54-9A1E7A4F7556}") = "Diamante", "Diamante\Diamante.csproj", "{7F25B13A-FB0B-4187-AFB5-9D61DA0E6C97}"
EndProject
Project("{9A19103F-16F7-4668-BE54-9A1E7A4F7556}") = "Ejercicio15", "Ejercicio15\Ejercicio15.csproj", "{4DCA5B75-3844-4A6E-95D6-167086356A99}"
EndProject
Project("{9A19103F-16F7-4668-BE54-9A1E7A4F7556}") = "PRUEBA", "PRUEBA\PRUEBA.csproj", "{49E86AAD-8A75-45B4-888D-D1E627F15966}"
EndProject
Project("{9A19103F-16F7-4668-BE54-9A1E7A4F7556}") = "Ejercicio16", "Ejercicio16\Ejercicio16.csproj", "{7ADAF4DA-71A4-4B40-B1FB-1160DE17F7E3}"
EndProject
Project("{9A19103F-16F7-4668-BE54-9A1E7A4F7556}") = "Ejercicio17", "Ejercicio17\Ejercicio17.csproj", "{430D45DF-0D05-4A0F-BB03-A0489C3E4271}"
EndProject
Project("{9A19103F-16F7-4668-BE54-9A1E7A4F7556}") = "Ejercicio11.2", "Ejercicio11.2\Ejercicio11.2.csproj", "{E6676CFE-82AE-4524-BF2E-C5441EACD73A}"
EndProject
Project("{9A19103F-16F7-4668-BE54-9A1E7A4F7556}") = "Ejercicio18", "Ejercicio18\Ejercicio18.csproj", "{F69C7719-FE5E-4B5B-BD03-60D4166AB4A4}"
EndProject
Project("{9A19103F-16F7-4668-BE54-9A1E7A4F7556}") = "Ejercicio20", "Ejercicio19\Ejercicio20.csproj", "{66F9CDEA-51BD-4AAB-8776-A27AEC598F25}"
EndProject
Project("{9A19103F-16F7-4668-BE54-9A1E7A4F7556}") = "Ejercicio21", "Ejercicio21\Ejercicio21.csproj", "{0102B21F-1DF5-436A-BB62-91A70D0D3839}"
EndProject
Project("{9A19103F-16F7-4668-BE54-9A1E7A4F7556}") = "Ejercicio22", "Ejercicio22\Ejercicio22.csproj", "{C620EEEF-0803-41ED-9E81-408FAD056AC1}"
EndProject
Project("{9A19103F-16F7-4668-BE54-9A1E7A4F7556}") = "Ejercicio23", "Ejercicio23\Ejercicio23.csproj", "{9531C27A-DCCB-495E-8B74-ABBC779D03BE}"
EndProject
Project("{9A19103F-16F7-4668-BE54-9A1E7A4F7556}") = "Ejercicio24", "Ejercicio24\Ejercicio24.csproj", "{1DAE5475-A54B-411A-B1E6-8689DE23EC92}"
EndProject
Project("{9A19103F-16F7-4668-BE54-9A1E7A4F7556}") = "Ejercicio25", "Ejercicio25\Ejercicio25.csproj", "{C1D62098-E5F4-41F1-9385-154B9CF18574}"
EndProject
Project("{9A19103F-16F7-4668-BE54-9A1E7A4F7556}") = "Ejercicio26", "Ejercicio26\Ejercicio26.csproj", "{09C8A7E7-6013-4977-BB66-F284E9E59017}"
EndProject
Project("{9A19103F-16F7-4668-BE54-9A1E7A4F7556}") = "Ejercicio27", "Ejercicio27\Ejercicio27.csproj", "{46CD9F8F-CDDC-42D6-B6D0-AE93CB7470D3}"
EndProject
Project("{9A19103F-16F7-4668-BE54-9A1E7A4F7556}") = "Ejercicio28", "Ejercicio28\Ejercicio28.csproj", "{29B2DA1A-E802-4163-A989-4F26945A5D49}"
EndProject
Project("{9A19103F-16F7-4668-BE54-9A1E7A4F7556}") = "Ejercicio29", "Ejercicio29\Ejercicio29.csproj", "{324D19EC-ABE8-4692-AC6D-A97303DCCE73}"
EndProject
Project("{9A19103F-16F7-4668-BE54-9A1E7A4F7556}") = "Ejercicio30", "Ejercicio30\Ejercicio30.csproj", "{7E5968A4-2EB4-4421-9C86-5BE55280719A}"
EndProject
Project("{9A19103F-16F7-4668-BE54-9A1E7A4F7556}") = "Ejercicio31", "Ejercicio31\Ejercicio31.csproj", "{AFE29090-FE1D-4D75-B37E-7F9E0700990D}"
EndProject
Project("{9A19103F-16F7-4668-BE54-9A1E7A4F7556}") = "Ejercicio32", "Ejercicio32\Ejercicio32.csproj", "{731FC158-C9D4-4019-A689-DFD9068415D2}"
EndProject
Project("{9A19103F-16F7-4668-BE54-9A1E7A4F7556}") = "Ejercicio33", "Ejercicio33\Ejercicio33.csproj", "{C4B35AA1-3CC5-428E-A8F4-0339B87C827E}"
EndProject
Project("{9A19103F-16F7-4668-BE54-9A1E7A4F7556}") = "Ejercicio34", "Ejercicio34\Ejercicio34.csproj", "{7EAE39B7-A938-4F6A-BD14-FA9A8D8016F9}"
EndProject
Project("{9A19103F-16F7-4668-BE54-9A1E7A4F7556}") = "Ejercicio35", "Ejercicio35\Ejercicio35.csproj", "{BCD7E96D-A673-43CB-88B4-29DE53F4289E}"
EndProject
Project("{9A19103F-16F7-4668-BE54-9A1E7A4F7556}") = "Ejercicio36", "Ejercicio36\Ejercicio36.csproj", "{2D08B8BA-6060-4840-8735-81DA11379BFB}"
EndProject
Project("{9A19103F-16F7-4668-BE54-9A1E7A4F7556}") = "Ejercicio37", "Ejercicio37\Ejercicio37.csproj", "{EC19B167-AD45-429F-B884-D743D87423C9}"
EndProject
Project("{FAE04EC0-301F-11D3-BF4B-00C04F79EFBC}") = "Ejercicio38", "Ejercicio38\Ejercicio38.csproj", "{3CD37A86-2E70-468D-9464-2C374B7C1FB5}"
EndProject
Global
	GlobalSection(SolutionConfigurationPlatforms) = preSolution
		Debug|Any CPU = Debug|Any CPU
		Release|Any CPU = Release|Any CPU
	EndGlobalSection
	GlobalSection(ProjectConfigurationPlatforms) = postSolution
		{E6096795-F7AB-45D8-9EF9-68C44AD35751}.Debug|Any CPU.ActiveCfg = Debug|Any CPU
		{E6096795-F7AB-45D8-9EF9-68C44AD35751}.Debug|Any CPU.Build.0 = Debug|Any CPU
		{E6096795-F7AB-45D8-9EF9-68C44AD35751}.Release|Any CPU.ActiveCfg = Release|Any CPU
		{E6096795-F7AB-45D8-9EF9-68C44AD35751}.Release|Any CPU.Build.0 = Release|Any CPU
		{A1F9F78D-5AA7-4BE4-849D-578C124C5CF7}.Debug|Any CPU.ActiveCfg = Debug|Any CPU
		{A1F9F78D-5AA7-4BE4-849D-578C124C5CF7}.Debug|Any CPU.Build.0 = Debug|Any CPU
		{A1F9F78D-5AA7-4BE4-849D-578C124C5CF7}.Release|Any CPU.ActiveCfg = Release|Any CPU
		{A1F9F78D-5AA7-4BE4-849D-578C124C5CF7}.Release|Any CPU.Build.0 = Release|Any CPU
		{0A83C841-5B57-49C9-8415-A39040CA804C}.Debug|Any CPU.ActiveCfg = Debug|Any CPU
		{0A83C841-5B57-49C9-8415-A39040CA804C}.Debug|Any CPU.Build.0 = Debug|Any CPU
		{0A83C841-5B57-49C9-8415-A39040CA804C}.Release|Any CPU.ActiveCfg = Release|Any CPU
		{0A83C841-5B57-49C9-8415-A39040CA804C}.Release|Any CPU.Build.0 = Release|Any CPU
		{FA324E50-7C89-4FAC-9866-8282DA4DA9C5}.Debug|Any CPU.ActiveCfg = Debug|Any CPU
		{FA324E50-7C89-4FAC-9866-8282DA4DA9C5}.Debug|Any CPU.Build.0 = Debug|Any CPU
		{FA324E50-7C89-4FAC-9866-8282DA4DA9C5}.Release|Any CPU.ActiveCfg = Release|Any CPU
		{FA324E50-7C89-4FAC-9866-8282DA4DA9C5}.Release|Any CPU.Build.0 = Release|Any CPU
		{21D19C20-A8BD-4D39-8B3A-44679627A1F1}.Debug|Any CPU.ActiveCfg = Debug|Any CPU
		{21D19C20-A8BD-4D39-8B3A-44679627A1F1}.Debug|Any CPU.Build.0 = Debug|Any CPU
		{21D19C20-A8BD-4D39-8B3A-44679627A1F1}.Release|Any CPU.ActiveCfg = Release|Any CPU
		{21D19C20-A8BD-4D39-8B3A-44679627A1F1}.Release|Any CPU.Build.0 = Release|Any CPU
		{E1A8868E-28F5-4B3E-84DE-E641F752C724}.Debug|Any CPU.ActiveCfg = Debug|Any CPU
		{E1A8868E-28F5-4B3E-84DE-E641F752C724}.Debug|Any CPU.Build.0 = Debug|Any CPU
		{E1A8868E-28F5-4B3E-84DE-E641F752C724}.Release|Any CPU.ActiveCfg = Release|Any CPU
		{E1A8868E-28F5-4B3E-84DE-E641F752C724}.Release|Any CPU.Build.0 = Release|Any CPU
		{442F01A6-1123-4309-956A-968E473024CF}.Debug|Any CPU.ActiveCfg = Debug|Any CPU
		{442F01A6-1123-4309-956A-968E473024CF}.Debug|Any CPU.Build.0 = Debug|Any CPU
		{442F01A6-1123-4309-956A-968E473024CF}.Release|Any CPU.ActiveCfg = Release|Any CPU
		{442F01A6-1123-4309-956A-968E473024CF}.Release|Any CPU.Build.0 = Release|Any CPU
		{623AC97D-346A-4A2A-9CB4-7A82CEB7C13A}.Debug|Any CPU.ActiveCfg = Debug|Any CPU
		{623AC97D-346A-4A2A-9CB4-7A82CEB7C13A}.Debug|Any CPU.Build.0 = Debug|Any CPU
		{623AC97D-346A-4A2A-9CB4-7A82CEB7C13A}.Release|Any CPU.ActiveCfg = Release|Any CPU
		{623AC97D-346A-4A2A-9CB4-7A82CEB7C13A}.Release|Any CPU.Build.0 = Release|Any CPU
		{54EBD7F5-56E2-4EF3-9C1D-C3FDE216A33C}.Debug|Any CPU.ActiveCfg = Debug|Any CPU
		{54EBD7F5-56E2-4EF3-9C1D-C3FDE216A33C}.Debug|Any CPU.Build.0 = Debug|Any CPU
		{54EBD7F5-56E2-4EF3-9C1D-C3FDE216A33C}.Release|Any CPU.ActiveCfg = Release|Any CPU
		{54EBD7F5-56E2-4EF3-9C1D-C3FDE216A33C}.Release|Any CPU.Build.0 = Release|Any CPU
		{BEF65C57-6679-4E09-81C1-39D47FF7F121}.Debug|Any CPU.ActiveCfg = Debug|Any CPU
		{BEF65C57-6679-4E09-81C1-39D47FF7F121}.Debug|Any CPU.Build.0 = Debug|Any CPU
		{BEF65C57-6679-4E09-81C1-39D47FF7F121}.Release|Any CPU.ActiveCfg = Release|Any CPU
		{BEF65C57-6679-4E09-81C1-39D47FF7F121}.Release|Any CPU.Build.0 = Release|Any CPU
		{93515ED4-913A-4F9D-8D5F-5746C756BBCC}.Debug|Any CPU.ActiveCfg = Debug|Any CPU
		{93515ED4-913A-4F9D-8D5F-5746C756BBCC}.Debug|Any CPU.Build.0 = Debug|Any CPU
		{93515ED4-913A-4F9D-8D5F-5746C756BBCC}.Release|Any CPU.ActiveCfg = Release|Any CPU
		{93515ED4-913A-4F9D-8D5F-5746C756BBCC}.Release|Any CPU.Build.0 = Release|Any CPU
		{5601E979-79FB-4E95-83DC-08445F865720}.Debug|Any CPU.ActiveCfg = Debug|Any CPU
		{5601E979-79FB-4E95-83DC-08445F865720}.Debug|Any CPU.Build.0 = Debug|Any CPU
		{5601E979-79FB-4E95-83DC-08445F865720}.Release|Any CPU.ActiveCfg = Release|Any CPU
		{5601E979-79FB-4E95-83DC-08445F865720}.Release|Any CPU.Build.0 = Release|Any CPU
		{418772FE-0420-4CB6-AD53-DFB5BF439E4A}.Debug|Any CPU.ActiveCfg = Debug|Any CPU
		{418772FE-0420-4CB6-AD53-DFB5BF439E4A}.Debug|Any CPU.Build.0 = Debug|Any CPU
		{418772FE-0420-4CB6-AD53-DFB5BF439E4A}.Release|Any CPU.ActiveCfg = Release|Any CPU
		{418772FE-0420-4CB6-AD53-DFB5BF439E4A}.Release|Any CPU.Build.0 = Release|Any CPU
		{0AAC8A65-4843-4DB7-A120-C51B303A43C0}.Debug|Any CPU.ActiveCfg = Debug|Any CPU
		{0AAC8A65-4843-4DB7-A120-C51B303A43C0}.Debug|Any CPU.Build.0 = Debug|Any CPU
		{0AAC8A65-4843-4DB7-A120-C51B303A43C0}.Release|Any CPU.ActiveCfg = Release|Any CPU
		{0AAC8A65-4843-4DB7-A120-C51B303A43C0}.Release|Any CPU.Build.0 = Release|Any CPU
		{7F25B13A-FB0B-4187-AFB5-9D61DA0E6C97}.Debug|Any CPU.ActiveCfg = Debug|Any CPU
		{7F25B13A-FB0B-4187-AFB5-9D61DA0E6C97}.Debug|Any CPU.Build.0 = Debug|Any CPU
		{7F25B13A-FB0B-4187-AFB5-9D61DA0E6C97}.Release|Any CPU.ActiveCfg = Release|Any CPU
		{7F25B13A-FB0B-4187-AFB5-9D61DA0E6C97}.Release|Any CPU.Build.0 = Release|Any CPU
		{4DCA5B75-3844-4A6E-95D6-167086356A99}.Debug|Any CPU.ActiveCfg = Debug|Any CPU
		{4DCA5B75-3844-4A6E-95D6-167086356A99}.Debug|Any CPU.Build.0 = Debug|Any CPU
		{4DCA5B75-3844-4A6E-95D6-167086356A99}.Release|Any CPU.ActiveCfg = Release|Any CPU
		{4DCA5B75-3844-4A6E-95D6-167086356A99}.Release|Any CPU.Build.0 = Release|Any CPU
		{49E86AAD-8A75-45B4-888D-D1E627F15966}.Debug|Any CPU.ActiveCfg = Debug|Any CPU
		{49E86AAD-8A75-45B4-888D-D1E627F15966}.Debug|Any CPU.Build.0 = Debug|Any CPU
		{49E86AAD-8A75-45B4-888D-D1E627F15966}.Release|Any CPU.ActiveCfg = Release|Any CPU
		{49E86AAD-8A75-45B4-888D-D1E627F15966}.Release|Any CPU.Build.0 = Release|Any CPU
		{7ADAF4DA-71A4-4B40-B1FB-1160DE17F7E3}.Debug|Any CPU.ActiveCfg = Debug|Any CPU
		{7ADAF4DA-71A4-4B40-B1FB-1160DE17F7E3}.Debug|Any CPU.Build.0 = Debug|Any CPU
		{7ADAF4DA-71A4-4B40-B1FB-1160DE17F7E3}.Release|Any CPU.ActiveCfg = Release|Any CPU
		{7ADAF4DA-71A4-4B40-B1FB-1160DE17F7E3}.Release|Any CPU.Build.0 = Release|Any CPU
		{430D45DF-0D05-4A0F-BB03-A0489C3E4271}.Debug|Any CPU.ActiveCfg = Debug|Any CPU
		{430D45DF-0D05-4A0F-BB03-A0489C3E4271}.Debug|Any CPU.Build.0 = Debug|Any CPU
		{430D45DF-0D05-4A0F-BB03-A0489C3E4271}.Release|Any CPU.ActiveCfg = Release|Any CPU
		{430D45DF-0D05-4A0F-BB03-A0489C3E4271}.Release|Any CPU.Build.0 = Release|Any CPU
		{E6676CFE-82AE-4524-BF2E-C5441EACD73A}.Debug|Any CPU.ActiveCfg = Debug|Any CPU
		{E6676CFE-82AE-4524-BF2E-C5441EACD73A}.Debug|Any CPU.Build.0 = Debug|Any CPU
		{E6676CFE-82AE-4524-BF2E-C5441EACD73A}.Release|Any CPU.ActiveCfg = Release|Any CPU
		{E6676CFE-82AE-4524-BF2E-C5441EACD73A}.Release|Any CPU.Build.0 = Release|Any CPU
		{F69C7719-FE5E-4B5B-BD03-60D4166AB4A4}.Debug|Any CPU.ActiveCfg = Debug|Any CPU
		{F69C7719-FE5E-4B5B-BD03-60D4166AB4A4}.Debug|Any CPU.Build.0 = Debug|Any CPU
		{F69C7719-FE5E-4B5B-BD03-60D4166AB4A4}.Release|Any CPU.ActiveCfg = Release|Any CPU
		{F69C7719-FE5E-4B5B-BD03-60D4166AB4A4}.Release|Any CPU.Build.0 = Release|Any CPU
		{66F9CDEA-51BD-4AAB-8776-A27AEC598F25}.Debug|Any CPU.ActiveCfg = Debug|Any CPU
		{66F9CDEA-51BD-4AAB-8776-A27AEC598F25}.Debug|Any CPU.Build.0 = Debug|Any CPU
		{66F9CDEA-51BD-4AAB-8776-A27AEC598F25}.Release|Any CPU.ActiveCfg = Release|Any CPU
		{66F9CDEA-51BD-4AAB-8776-A27AEC598F25}.Release|Any CPU.Build.0 = Release|Any CPU
		{0102B21F-1DF5-436A-BB62-91A70D0D3839}.Debug|Any CPU.ActiveCfg = Debug|Any CPU
		{0102B21F-1DF5-436A-BB62-91A70D0D3839}.Debug|Any CPU.Build.0 = Debug|Any CPU
		{0102B21F-1DF5-436A-BB62-91A70D0D3839}.Release|Any CPU.ActiveCfg = Release|Any CPU
		{0102B21F-1DF5-436A-BB62-91A70D0D3839}.Release|Any CPU.Build.0 = Release|Any CPU
		{C620EEEF-0803-41ED-9E81-408FAD056AC1}.Debug|Any CPU.ActiveCfg = Debug|Any CPU
		{C620EEEF-0803-41ED-9E81-408FAD056AC1}.Debug|Any CPU.Build.0 = Debug|Any CPU
		{C620EEEF-0803-41ED-9E81-408FAD056AC1}.Release|Any CPU.ActiveCfg = Release|Any CPU
		{C620EEEF-0803-41ED-9E81-408FAD056AC1}.Release|Any CPU.Build.0 = Release|Any CPU
		{9531C27A-DCCB-495E-8B74-ABBC779D03BE}.Debug|Any CPU.ActiveCfg = Debug|Any CPU
		{9531C27A-DCCB-495E-8B74-ABBC779D03BE}.Debug|Any CPU.Build.0 = Debug|Any CPU
		{9531C27A-DCCB-495E-8B74-ABBC779D03BE}.Release|Any CPU.ActiveCfg = Release|Any CPU
		{9531C27A-DCCB-495E-8B74-ABBC779D03BE}.Release|Any CPU.Build.0 = Release|Any CPU
		{1DAE5475-A54B-411A-B1E6-8689DE23EC92}.Debug|Any CPU.ActiveCfg = Debug|Any CPU
		{1DAE5475-A54B-411A-B1E6-8689DE23EC92}.Debug|Any CPU.Build.0 = Debug|Any CPU
		{1DAE5475-A54B-411A-B1E6-8689DE23EC92}.Release|Any CPU.ActiveCfg = Release|Any CPU
		{1DAE5475-A54B-411A-B1E6-8689DE23EC92}.Release|Any CPU.Build.0 = Release|Any CPU
		{C1D62098-E5F4-41F1-9385-154B9CF18574}.Debug|Any CPU.ActiveCfg = Debug|Any CPU
		{C1D62098-E5F4-41F1-9385-154B9CF18574}.Debug|Any CPU.Build.0 = Debug|Any CPU
		{C1D62098-E5F4-41F1-9385-154B9CF18574}.Release|Any CPU.ActiveCfg = Release|Any CPU
		{C1D62098-E5F4-41F1-9385-154B9CF18574}.Release|Any CPU.Build.0 = Release|Any CPU
		{09C8A7E7-6013-4977-BB66-F284E9E59017}.Debug|Any CPU.ActiveCfg = Debug|Any CPU
		{09C8A7E7-6013-4977-BB66-F284E9E59017}.Debug|Any CPU.Build.0 = Debug|Any CPU
		{09C8A7E7-6013-4977-BB66-F284E9E59017}.Release|Any CPU.ActiveCfg = Release|Any CPU
		{09C8A7E7-6013-4977-BB66-F284E9E59017}.Release|Any CPU.Build.0 = Release|Any CPU
		{46CD9F8F-CDDC-42D6-B6D0-AE93CB7470D3}.Debug|Any CPU.ActiveCfg = Debug|Any CPU
		{46CD9F8F-CDDC-42D6-B6D0-AE93CB7470D3}.Debug|Any CPU.Build.0 = Debug|Any CPU
		{46CD9F8F-CDDC-42D6-B6D0-AE93CB7470D3}.Release|Any CPU.ActiveCfg = Release|Any CPU
		{46CD9F8F-CDDC-42D6-B6D0-AE93CB7470D3}.Release|Any CPU.Build.0 = Release|Any CPU
		{29B2DA1A-E802-4163-A989-4F26945A5D49}.Debug|Any CPU.ActiveCfg = Debug|Any CPU
		{29B2DA1A-E802-4163-A989-4F26945A5D49}.Debug|Any CPU.Build.0 = Debug|Any CPU
		{29B2DA1A-E802-4163-A989-4F26945A5D49}.Release|Any CPU.ActiveCfg = Release|Any CPU
		{29B2DA1A-E802-4163-A989-4F26945A5D49}.Release|Any CPU.Build.0 = Release|Any CPU
		{324D19EC-ABE8-4692-AC6D-A97303DCCE73}.Debug|Any CPU.ActiveCfg = Debug|Any CPU
		{324D19EC-ABE8-4692-AC6D-A97303DCCE73}.Debug|Any CPU.Build.0 = Debug|Any CPU
		{324D19EC-ABE8-4692-AC6D-A97303DCCE73}.Release|Any CPU.ActiveCfg = Release|Any CPU
		{324D19EC-ABE8-4692-AC6D-A97303DCCE73}.Release|Any CPU.Build.0 = Release|Any CPU
		{7E5968A4-2EB4-4421-9C86-5BE55280719A}.Debug|Any CPU.ActiveCfg = Debug|Any CPU
		{7E5968A4-2EB4-4421-9C86-5BE55280719A}.Debug|Any CPU.Build.0 = Debug|Any CPU
		{7E5968A4-2EB4-4421-9C86-5BE55280719A}.Release|Any CPU.ActiveCfg = Release|Any CPU
		{7E5968A4-2EB4-4421-9C86-5BE55280719A}.Release|Any CPU.Build.0 = Release|Any CPU
		{AFE29090-FE1D-4D75-B37E-7F9E0700990D}.Debug|Any CPU.ActiveCfg = Debug|Any CPU
		{AFE29090-FE1D-4D75-B37E-7F9E0700990D}.Debug|Any CPU.Build.0 = Debug|Any CPU
		{AFE29090-FE1D-4D75-B37E-7F9E0700990D}.Release|Any CPU.ActiveCfg = Release|Any CPU
		{AFE29090-FE1D-4D75-B37E-7F9E0700990D}.Release|Any CPU.Build.0 = Release|Any CPU
		{731FC158-C9D4-4019-A689-DFD9068415D2}.Debug|Any CPU.ActiveCfg = Debug|Any CPU
		{731FC158-C9D4-4019-A689-DFD9068415D2}.Debug|Any CPU.Build.0 = Debug|Any CPU
		{731FC158-C9D4-4019-A689-DFD9068415D2}.Release|Any CPU.ActiveCfg = Release|Any CPU
		{731FC158-C9D4-4019-A689-DFD9068415D2}.Release|Any CPU.Build.0 = Release|Any CPU
		{C4B35AA1-3CC5-428E-A8F4-0339B87C827E}.Debug|Any CPU.ActiveCfg = Debug|Any CPU
		{C4B35AA1-3CC5-428E-A8F4-0339B87C827E}.Debug|Any CPU.Build.0 = Debug|Any CPU
		{C4B35AA1-3CC5-428E-A8F4-0339B87C827E}.Release|Any CPU.ActiveCfg = Release|Any CPU
		{C4B35AA1-3CC5-428E-A8F4-0339B87C827E}.Release|Any CPU.Build.0 = Release|Any CPU
		{7EAE39B7-A938-4F6A-BD14-FA9A8D8016F9}.Debug|Any CPU.ActiveCfg = Debug|Any CPU
		{7EAE39B7-A938-4F6A-BD14-FA9A8D8016F9}.Debug|Any CPU.Build.0 = Debug|Any CPU
		{7EAE39B7-A938-4F6A-BD14-FA9A8D8016F9}.Release|Any CPU.ActiveCfg = Release|Any CPU
		{7EAE39B7-A938-4F6A-BD14-FA9A8D8016F9}.Release|Any CPU.Build.0 = Release|Any CPU
		{BCD7E96D-A673-43CB-88B4-29DE53F4289E}.Debug|Any CPU.ActiveCfg = Debug|Any CPU
		{BCD7E96D-A673-43CB-88B4-29DE53F4289E}.Debug|Any CPU.Build.0 = Debug|Any CPU
		{BCD7E96D-A673-43CB-88B4-29DE53F4289E}.Release|Any CPU.ActiveCfg = Release|Any CPU
		{BCD7E96D-A673-43CB-88B4-29DE53F4289E}.Release|Any CPU.Build.0 = Release|Any CPU
		{2D08B8BA-6060-4840-8735-81DA11379BFB}.Debug|Any CPU.ActiveCfg = Debug|Any CPU
		{2D08B8BA-6060-4840-8735-81DA11379BFB}.Debug|Any CPU.Build.0 = Debug|Any CPU
		{2D08B8BA-6060-4840-8735-81DA11379BFB}.Release|Any CPU.ActiveCfg = Release|Any CPU
		{2D08B8BA-6060-4840-8735-81DA11379BFB}.Release|Any CPU.Build.0 = Release|Any CPU
		{EC19B167-AD45-429F-B884-D743D87423C9}.Debug|Any CPU.ActiveCfg = Debug|Any CPU
		{EC19B167-AD45-429F-B884-D743D87423C9}.Debug|Any CPU.Build.0 = Debug|Any CPU
		{EC19B167-AD45-429F-B884-D743D87423C9}.Release|Any CPU.ActiveCfg = Release|Any CPU
		{EC19B167-AD45-429F-B884-D743D87423C9}.Release|Any CPU.Build.0 = Release|Any CPU
		{3CD37A86-2E70-468D-9464-2C374B7C1FB5}.Debug|Any CPU.ActiveCfg = Debug|Any CPU
		{3CD37A86-2E70-468D-9464-2C374B7C1FB5}.Debug|Any CPU.Build.0 = Debug|Any CPU
		{3CD37A86-2E70-468D-9464-2C374B7C1FB5}.Release|Any CPU.ActiveCfg = Release|Any CPU
		{3CD37A86-2E70-468D-9464-2C374B7C1FB5}.Release|Any CPU.Build.0 = Release|Any CPU
	EndGlobalSection
	GlobalSection(SolutionProperties) = preSolution
		HideSolutionNode = FALSE
	EndGlobalSection
	GlobalSection(ExtensibilityGlobals) = postSolution
		SolutionGuid = {7946FE7E-96B3-42C9-BEC1-F7C02E78EF22}
	EndGlobalSection
EndGlobal
